
Microsoft Visual Studio Solution File, Format Version 12.00
# Visual Studio 15
VisualStudioVersion = 15.0.27130.2010
MinimumVisualStudioVersion = 10.0.40219.1
Project("{FAE04EC0-301F-11D3-BF4B-00C04F79EFBC}") = "Hercules", "Hercules\Hercules.csproj", "{CBBD40E0-3CD0-4CF4-A9DE-21F0F54CAB54}"
EndProject
Global
	GlobalSection(SolutionConfigurationPlatforms) = preSolution
		Debug|Any CPU = Debug|Any CPU
		Release|Any CPU = Release|Any CPU
	EndGlobalSection
	GlobalSection(ProjectConfigurationPlatforms) = postSolution
		{CBBD40E0-3CD0-4CF4-A9DE-21F0F54CAB54}.Debug|Any CPU.ActiveCfg = Debug|Any CPU
		{CBBD40E0-3CD0-4CF4-A9DE-21F0F54CAB54}.Debug|Any CPU.Build.0 = Debug|Any CPU
		{CBBD40E0-3CD0-4CF4-A9DE-21F0F54CAB54}.Release|Any CPU.ActiveCfg = Release|Any CPU
		{CBBD40E0-3CD0-4CF4-A9DE-21F0F54CAB54}.Release|Any CPU.Build.0 = Release|Any CPU
	EndGlobalSection
	GlobalSection(SolutionProperties) = preSolution
		HideSolutionNode = FALSE
	EndGlobalSection
	GlobalSection(ExtensibilityGlobals) = postSolution
		SolutionGuid = {6FDD6DC5-01CD-4B7C-B55C-AFA5B54E1A34}
	EndGlobalSection
EndGlobal
